version = 1
revision = 3
requires-python = ">=3.11"
resolution-markers = [
    "python_full_version >= '3.12' and sys_platform != 'win32'",
    "python_full_version >= '3.12' and sys_platform == 'win32'",
    "python_full_version < '3.12' and sys_platform != 'win32'",
    "python_full_version < '3.12' and sys_platform == 'win32'",
]
required-markers = [
    "sys_platform == 'win32'",
]

[[package]]
name = "ale-py"
version = "0.11.2"
source = { registry = "https://pypi.org/simple" }
dependencies = [
    { name = "numpy" },
]
sdist = { url = "https://files.pythonhosted.org/packages/2c/85/fffbe95501efc9ecf73e02fb62e7a99401e12dcb8217313016dd00b13cdc/ale_py-0.11.2.tar.gz", hash = "sha256:cc6fed9d994d796d76b0d042fbe0a7101834faa55b5e70b1e1f14367ed9e2a8a", size = 512258, upload-time = "2025-07-12T22:19:16.348Z" }
wheels = [
    { url = "https://files.pythonhosted.org/packages/c3/9c/ac9735b7a8776323fba54a0a3a8eac4706edb8fdac8a621516550b77ee14/ale_py-0.11.2-cp311-cp311-macosx_13_0_arm64.whl", hash = "sha256:808c98685a607cc5483238f73915c23426537259f9cece506f47f5213c370734", size = 2337280, upload-time = "2025-07-12T22:18:48.839Z" },
    { url = "https://files.pythonhosted.org/packages/7b/00/9ec89f60c14a378096f23c190a60155b9551e521a00046dd8bb3279b00ea/ale_py-0.11.2-cp311-cp311-macosx_13_0_x86_64.whl", hash = "sha256:d80311cf92ca6ca777dec363865891dbb5447e0c9f57774f72c8618851c9fd4b", size = 2467834, upload-time = "2025-07-12T22:18:50.072Z" },
    { url = "https://files.pythonhosted.org/packages/13/39/293fab6925966076112a49683ac71ccfe6cd75a1790856e90e3ef0a11bd1/ale_py-0.11.2-cp311-cp311-manylinux2014_aarch64.manylinux_2_17_aarch64.whl", hash = "sha256:44838121ab5c2ef50033ebf0cc69aadf3954418d2f8812bdb76fced3797eb33f", size = 5067629, upload-time = "2025-07-12T22:18:51.554Z" },
    { url = "https://files.pythonhosted.org/packages/3d/92/623e8b3157fdd39a0d78026a1c2727c9215d882d67bfb72697661c7dba6f/ale_py-0.11.2-cp311-cp311-manylinux2014_x86_64.manylinux_2_17_x86_64.whl", hash = "sha256:f7a2082e00fc81b6706daf945bd4c97b69c5542739707638c65ddf65ad74db38", size = 5054969, upload-time = "2025-07-12T22:18:53.177Z" },
    { url = "https://files.pythonhosted.org/packages/8f/41/a7de8030021b478e8829b47e8667e79c910c3bb1539d72b6c8052b14cc3c/ale_py-0.11.2-cp311-cp311-win_amd64.whl", hash = "sha256:858a644ed92409cdef47a88d177d18421260b74d3f5cdb45963f21de870a6fd9", size = 3471162, upload-time = "2025-07-12T22:18:54.343Z" },
    { url = "https://files.pythonhosted.org/packages/fa/b6/e71cf04cc71eb0131aeb31be51440ca2081bcdfe44af06a09dee5fab0431/ale_py-0.11.2-cp312-cp312-macosx_13_0_arm64.whl", hash = "sha256:5ab4bfac7c17fdbd96e8068424f491a16c18584f7bbe2797cbb6c13cc4930e76", size = 2336652, upload-time = "2025-07-12T22:18:55.788Z" },
    { url = "https://files.pythonhosted.org/packages/e1/58/21de6504fd571ea827d71d436ca196d1253de7a6d2ba26b4e0c19c08d2b4/ale_py-0.11.2-cp312-cp312-macosx_13_0_x86_64.whl", hash = "sha256:db47d52e75ee0bc08899e32e3c2b05822c3a75f4e6f34e7896bd1133bec3dee7", size = 2469261, upload-time = "2025-07-12T22:18:57.269Z" },
    { url = "https://files.pythonhosted.org/packages/42/de/942044cadbbba73a2c15f1e9a6603106afd53a8c1e6c91ec6eca0e8ca021/ale_py-0.11.2-cp312-cp312-manylinux2014_aarch64.manylinux_2_17_aarch64.whl", hash = "sha256:7c42fa8a76caf04dd435bd3fc8682a9d25128102d1df96c35b7971ee31f137d0", size = 5063866, upload-time = "2025-07-12T22:18:58.86Z" },
    { url = "https://files.pythonhosted.org/packages/1a/ff/154caf6b05b7993dd438b78bcd2a8c7d97c6ecd4a3fee82a610d83711b84/ale_py-0.11.2-cp312-cp312-manylinux2014_x86_64.manylinux_2_17_x86_64.whl", hash = "sha256:212927f98357390e651b830835e1d24690816416d0e0d2148ad2d4c679941e1c", size = 5051643, upload-time = "2025-07-12T22:19:00.371Z" },
    { url = "https://files.pythonhosted.org/packages/4b/dc/55f404bf4c8a2c707ef05eba9a8986fc943d192e26d2b4bb6889de02abc9/ale_py-0.11.2-cp312-cp312-win_amd64.whl", hash = "sha256:bb8c4d6d8b6cbecfff2915c9f1787101f033719b66f8149dbc4685a2ff22514a", size = 3471735, upload-time = "2025-07-12T22:19:01.895Z" },
    { url = "https://files.pythonhosted.org/packages/85/27/a75f6c231704af0a71d15fa3520d4f3444031fecb614ba96b2b567c4d873/ale_py-0.11.2-cp313-cp313-macosx_13_0_arm64.whl", hash = "sha256:208c70a8a47d8ba5f0b6eb8bfd1c3adc6ec2718f66d7866646976f0853dbda4e", size = 2336736, upload-time = "2025-07-12T22:19:02.96Z" },
    { url = "https://files.pythonhosted.org/packages/aa/02/ec9804b7f6ad80ecb9c4b7f76bad6f672fca3337ea3d7662bdb7239aa595/ale_py-0.11.2-cp313-cp313-macosx_13_0_x86_64.whl", hash = "sha256:f12a9ee789c3c851ea60afe91c6273e49b880dca510bae00496b0339c41cda81", size = 2469360, upload-time = "2025-07-12T22:19:04.042Z" },
    { url = "https://files.pythonhosted.org/packages/e5/77/e4b21f4befd96c949aa9addf543cf612504612df30039841a182831fb593/ale_py-0.11.2-cp313-cp313-manylinux2014_aarch64.manylinux_2_17_aarch64.whl", hash = "sha256:d12e62ac6d57a02745ad8cbf72fbf11ffedbe12d14b48d08e33f22f5625c8ec8", size = 5062617, upload-time = "2025-07-12T22:19:05.15Z" },
    { url = "https://files.pythonhosted.org/packages/3b/1b/79bf78c840d520b6928480bee14b39c3617833edb9ccf81a965e9beec30a/ale_py-0.11.2-cp313-cp313-manylinux2014_x86_64.manylinux_2_17_x86_64.whl", hash = "sha256:09e56970ae5f56f377d1c6d8d364d0c610f9c0bc4f88f7abce48174c83ea2882", size = 5052135, upload-time = "2025-07-12T22:19:06.297Z" },
    { url = "https://files.pythonhosted.org/packages/bf/6e/365b95c82b214e6b193c6dbda94afaedc5b1673c77777c3b3e3cabd75761/ale_py-0.11.2-cp313-cp313-win_amd64.whl", hash = "sha256:868019090c66fc8c2c24fb19dd8e956a5a4211e594b78097ce1db11a5736684e", size = 3471794, upload-time = "2025-07-12T22:19:08.038Z" },
]

[[package]]
name = "cloudpickle"
version = "3.1.1"
source = { registry = "https://pypi.org/simple" }
sdist = { url = "https://files.pythonhosted.org/packages/52/39/069100b84d7418bc358d81669d5748efb14b9cceacd2f9c75f550424132f/cloudpickle-3.1.1.tar.gz", hash = "sha256:b216fa8ae4019d5482a8ac3c95d8f6346115d8835911fd4aefd1a445e4242c64", size = 22113, upload-time = "2025-01-14T17:02:05.085Z" }
wheels = [
    { url = "https://files.pythonhosted.org/packages/7e/e8/64c37fadfc2816a7701fa8a6ed8d87327c7d54eacfbfb6edab14a2f2be75/cloudpickle-3.1.1-py3-none-any.whl", hash = "sha256:c8c5a44295039331ee9dad40ba100a9c7297b6f988e50e87ccdf3765a668350e", size = 20992, upload-time = "2025-01-14T17:02:02.417Z" },
]

[[package]]
name = "farama-notifications"
version = "0.0.4"
source = { registry = "https://pypi.org/simple" }
sdist = { url = "https://files.pythonhosted.org/packages/2e/2c/8384832b7a6b1fd6ba95bbdcae26e7137bb3eedc955c42fd5cdcc086cfbf/Farama-Notifications-0.0.4.tar.gz", hash = "sha256:13fceff2d14314cf80703c8266462ebf3733c7d165336eee998fc58e545efd18", size = 2131, upload-time = "2023-02-27T18:28:41.047Z" }
wheels = [
    { url = "https://files.pythonhosted.org/packages/05/2c/ffc08c54c05cdce6fbed2aeebc46348dbe180c6d2c541c7af7ba0aa5f5f8/Farama_Notifications-0.0.4-py3-none-any.whl", hash = "sha256:14de931035a41961f7c056361dc7f980762a143d05791ef5794a751a2caf05ae", size = 2511, upload-time = "2023-02-27T18:28:39.447Z" },
]

[[package]]
name = "filelock"
version = "3.13.1"
source = { registry = "https://download.pytorch.org/whl/cu126" }
wheels = [
    { url = "https://download.pytorch.org/whl/filelock-3.13.1-py3-none-any.whl", hash = "sha256:57dbda9b35157b05fb3e58ee91448612eb674172fab98ee235ccb0b5bee19a1c" },
]

[[package]]
name = "fsspec"
version = "2024.6.1"
source = { registry = "https://download.pytorch.org/whl/cu126" }
wheels = [
    { url = "https://download.pytorch.org/whl/fsspec-2024.6.1-py3-none-any.whl", hash = "sha256:3cb443f8bcd2efb31295a5b9fdb02aee81d8452c80d28f97a6d0959e6cee101e" },
]

[[package]]
name = "gymnasium"
version = "1.2.0"
source = { registry = "https://pypi.org/simple" }
dependencies = [
    { name = "cloudpickle" },
    { name = "farama-notifications" },
    { name = "numpy" },
    { name = "typing-extensions" },
]
sdist = { url = "https://files.pythonhosted.org/packages/fd/17/c2a0e15c2cd5a8e788389b280996db927b923410de676ec5c7b2695e9261/gymnasium-1.2.0.tar.gz", hash = "sha256:344e87561012558f603880baf264ebc97f8a5c997a957b0c9f910281145534b0", size = 821142, upload-time = "2025-06-27T08:21:20.262Z" }
wheels = [
    { url = "https://files.pythonhosted.org/packages/a0/e2/a111dbb8625af467ea4760a1373d6ef27aac3137931219902406ccc05423/gymnasium-1.2.0-py3-none-any.whl", hash = "sha256:fc4a1e4121a9464c29b4d7dc6ade3fbeaa36dea448682f5f71a6d2c17489ea76", size = 944301, upload-time = "2025-06-27T08:21:18.83Z" },
]

[[package]]
name = "jinja2"
version = "3.1.4"
source = { registry = "https://download.pytorch.org/whl/cu126" }
dependencies = [
    { name = "markupsafe", version = "2.1.5", source = { registry = "https://download.pytorch.org/whl/cu126" }, marker = "sys_platform == 'win32'" },
    { name = "markupsafe", version = "3.0.2", source = { registry = "https://download.pytorch.org/whl/cu126" }, marker = "sys_platform != 'win32'" },
]
wheels = [
    { url = "https://download.pytorch.org/whl/Jinja2-3.1.4-py3-none-any.whl", hash = "sha256:bc5dd2abb727a5319567b7a813e6a2e7318c39f4f487cfe6c89c6f9c7d25197d" },
]

[[package]]
name = "markupsafe"
version = "2.1.5"
source = { registry = "https://download.pytorch.org/whl/cu126" }
resolution-markers = [
    "python_full_version >= '3.12' and sys_platform == 'win32'",
    "python_full_version < '3.12' and sys_platform == 'win32'",
]
sdist = { url = "https://download.pytorch.org/whl/MarkupSafe-2.1.5.tar.gz", hash = "sha256:d283d37a890ba4c1ae73ffadf8046435c76e7bc2247bbb63c00bd1a709c6544b" }
wheels = [
    { url = "https://download.pytorch.org/whl/MarkupSafe-2.1.5-cp311-cp311-win_amd64.whl", hash = "sha256:2b7c57a4dfc4f16f7142221afe5ba4e093e09e728ca65c51f5620c9aaeb9a617" },
    { url = "https://download.pytorch.org/whl/MarkupSafe-2.1.5-cp312-cp312-win_amd64.whl", hash = "sha256:823b65d8706e32ad2df51ed89496147a42a2a6e01c13cfb6ffb8b1e92bc910bb" },
]

[[package]]
name = "markupsafe"
version = "3.0.2"
source = { registry = "https://download.pytorch.org/whl/cu126" }
resolution-markers = [
    "python_full_version >= '3.12' and sys_platform != 'win32'",
    "python_full_version < '3.12' and sys_platform != 'win32'",
]
wheels = [
    { url = "https://download.pytorch.org/whl/MarkupSafe-3.0.2-cp313-cp313-manylinux_2_17_x86_64.manylinux2014_x86_64.whl", hash = "sha256:15ab75ef81add55874e7ab7055e9c397312385bd9ced94920f2802310c930396" },
]

[[package]]
name = "mpmath"
version = "1.3.0"
source = { registry = "https://download.pytorch.org/whl/cu126" }
wheels = [
    { url = "https://download.pytorch.org/whl/mpmath-1.3.0-py3-none-any.whl", hash = "sha256:a0b2b9fe80bbcd81a6647ff13108738cfb482d481d826cc0e02f5b35e5c88d2c" },
]

[[package]]
name = "networkx"
version = "3.3"
source = { registry = "https://download.pytorch.org/whl/cu126" }
wheels = [
    { url = "https://download.pytorch.org/whl/networkx-3.3-py3-none-any.whl", hash = "sha256:28575580c6ebdaf4505b22c6256a2b9de86b316dc63ba9e93abde3d78dfdbcf2" },
]

[[package]]
name = "numpy"
version = "2.1.2"
source = { registry = "https://download.pytorch.org/whl/cu126" }
wheels = [
    { url = "https://download.pytorch.org/whl/numpy-2.1.2-cp311-cp311-macosx_10_9_x86_64.whl", hash = "sha256:b42a1a511c81cc78cbc4539675713bbcf9d9c3913386243ceff0e9429ca892fe" },
    { url = "https://download.pytorch.org/whl/numpy-2.1.2-cp311-cp311-macosx_11_0_arm64.whl", hash = "sha256:faa88bc527d0f097abdc2c663cddf37c05a1c2f113716601555249805cf573f1" },
    { url = "https://download.pytorch.org/whl/numpy-2.1.2-cp311-cp311-macosx_14_0_arm64.whl", hash = "sha256:c82af4b2ddd2ee72d1fc0c6695048d457e00b3582ccde72d8a1c991b808bb20f" },
    { url = "https://download.pytorch.org/whl/numpy-2.1.2-cp311-cp311-macosx_14_0_x86_64.whl", hash = "sha256:13602b3174432a35b16c4cfb5de9a12d229727c3dd47a6ce35111f2ebdf66ff4" },
    { url = "https://download.pytorch.org/whl/numpy-2.1.2-cp311-cp311-manylinux_2_17_aarch64.manylinux2014_aarch64.whl", hash = "sha256:1ebec5fd716c5a5b3d8dfcc439be82a8407b7b24b230d0ad28a81b61c2f4659a" },
    { url = "https://download.pytorch.org/whl/numpy-2.1.2-cp311-cp311-manylinux_2_17_x86_64.manylinux2014_x86_64.whl", hash = "sha256:e2b49c3c0804e8ecb05d59af8386ec2f74877f7ca8fd9c1e00be2672e4d399b1" },
    { url = "https://download.pytorch.org/whl/numpy-2.1.2-cp311-cp311-win_amd64.whl", hash = "sha256:f1eb068ead09f4994dec71c24b2844f1e4e4e013b9629f812f292f04bd1510d9" },
    { url = "https://download.pytorch.org/whl/numpy-2.1.2-cp312-cp312-macosx_10_13_x86_64.whl", hash = "sha256:d7bf0a4f9f15b32b5ba53147369e94296f5fffb783db5aacc1be15b4bf72f43b" },
    { url = "https://download.pytorch.org/whl/numpy-2.1.2-cp312-cp312-macosx_11_0_arm64.whl", hash = "sha256:b1d0fcae4f0949f215d4632be684a539859b295e2d0cb14f78ec231915d644db" },
    { url = "https://download.pytorch.org/whl/numpy-2.1.2-cp312-cp312-macosx_14_0_arm64.whl", hash = "sha256:f751ed0a2f250541e19dfca9f1eafa31a392c71c832b6bb9e113b10d050cb0f1" },
    { url = "https://download.pytorch.org/whl/numpy-2.1.2-cp312-cp312-macosx_14_0_x86_64.whl", hash = "sha256:bd33f82e95ba7ad632bc57837ee99dba3d7e006536200c4e9124089e1bf42426" },
    { url = "https://download.pytorch.org/whl/numpy-2.1.2-cp312-cp312-manylinux_2_17_aarch64.manylinux2014_aarch64.whl", hash = "sha256:1b8cde4f11f0a975d1fd59373b32e2f5a562ade7cde4f85b7137f3de8fbb29a0" },
    { url = "https://download.pytorch.org/whl/numpy-2.1.2-cp312-cp312-manylinux_2_17_x86_64.manylinux2014_x86_64.whl", hash = "sha256:6d95f286b8244b3649b477ac066c6906fbb2905f8ac19b170e2175d3d799f4df" },
    { url = "https://download.pytorch.org/whl/numpy-2.1.2-cp312-cp312-win_amd64.whl", hash = "sha256:456e3b11cb79ac9946c822a56346ec80275eaf2950314b249b512896c0d2505e" },
    { url = "https://download.pytorch.org/whl/numpy-2.1.2-cp313-cp313-macosx_10_13_x86_64.whl", hash = "sha256:a84498e0d0a1174f2b3ed769b67b656aa5460c92c9554039e11f20a05650f00d" },
    { url = "https://download.pytorch.org/whl/numpy-2.1.2-cp313-cp313-macosx_11_0_arm64.whl", hash = "sha256:4d6ec0d4222e8ffdab1744da2560f07856421b367928026fb540e1945f2eeeaf" },
    { url = "https://download.pytorch.org/whl/numpy-2.1.2-cp313-cp313-macosx_14_0_arm64.whl", hash = "sha256:259ec80d54999cc34cd1eb8ded513cb053c3bf4829152a2e00de2371bd406f5e" },
    { url = "https://download.pytorch.org/whl/numpy-2.1.2-cp313-cp313-macosx_14_0_x86_64.whl", hash = "sha256:675c741d4739af2dc20cd6c6a5c4b7355c728167845e3c6b0e824e4e5d36a6c3" },
    { url = "https://download.pytorch.org/whl/numpy-2.1.2-cp313-cp313-manylinux_2_17_aarch64.manylinux2014_aarch64.whl", hash = "sha256:05b2d4e667895cc55e3ff2b56077e4c8a5604361fc21a042845ea3ad67465aa8" },
    { url = "https://download.pytorch.org/whl/numpy-2.1.2-cp313-cp313-manylinux_2_17_x86_64.manylinux2014_x86_64.whl", hash = "sha256:43cca367bf94a14aca50b89e9bc2061683116cfe864e56740e083392f533ce7a" },
    { url = "https://download.pytorch.org/whl/numpy-2.1.2-cp313-cp313-win_amd64.whl", hash = "sha256:f2ded8d9b6f68cc26f8425eda5d3877b47343e68ca23d0d0846f4d312ecaa445" },
    { url = "https://download.pytorch.org/whl/numpy-2.1.2-cp313-cp313t-macosx_10_13_x86_64.whl", hash = "sha256:2ffef621c14ebb0188a8633348504a35c13680d6da93ab5cb86f4e54b7e922b5" },
    { url = "https://download.pytorch.org/whl/numpy-2.1.2-cp313-cp313t-macosx_11_0_arm64.whl", hash = "sha256:ad369ed238b1959dfbade9018a740fb9392c5ac4f9b5173f420bd4f37ba1f7a0" },
    { url = "https://download.pytorch.org/whl/numpy-2.1.2-cp313-cp313t-macosx_14_0_arm64.whl", hash = "sha256:d82075752f40c0ddf57e6e02673a17f6cb0f8eb3f587f63ca1eaab5594da5b17" },
    { url = "https://download.pytorch.org/whl/numpy-2.1.2-cp313-cp313t-macosx_14_0_x86_64.whl", hash = "sha256:1600068c262af1ca9580a527d43dc9d959b0b1d8e56f8a05d830eea39b7c8af6" },
    { url = "https://download.pytorch.org/whl/numpy-2.1.2-cp313-cp313t-manylinux_2_17_aarch64.manylinux2014_aarch64.whl", hash = "sha256:a26ae94658d3ba3781d5e103ac07a876b3e9b29db53f68ed7df432fd033358a8" },
    { url = "https://download.pytorch.org/whl/numpy-2.1.2-cp313-cp313t-manylinux_2_17_x86_64.manylinux2014_x86_64.whl", hash = "sha256:13311c2db4c5f7609b462bc0f43d3c465424d25c626d95040f073e30f7570e35" },
]

[[package]]
name = "nvidia-cublas-cu12"
version = "12.6.4.1"
source = { registry = "https://download.pytorch.org/whl/cu126" }
wheels = [
    { url = "https://download.pytorch.org/whl/cu126/nvidia_cublas_cu12-12.6.4.1-py3-none-manylinux2014_x86_64.manylinux_2_17_x86_64.whl", hash = "sha256:08ed2686e9875d01b58e3cb379c6896df8e76c75e0d4a7f7dace3d7b6d9ef8eb" },
]

[[package]]
name = "nvidia-cuda-cupti-cu12"
version = "12.6.80"
source = { registry = "https://download.pytorch.org/whl/cu126" }
wheels = [
    { url = "https://download.pytorch.org/whl/cu126/nvidia_cuda_cupti_cu12-12.6.80-py3-none-manylinux2014_x86_64.whl", hash = "sha256:a3eff6cdfcc6a4c35db968a06fcadb061cbc7d6dde548609a941ff8701b98b73" },
]

[[package]]
name = "nvidia-cuda-nvrtc-cu12"
version = "12.6.77"
source = { registry = "https://download.pytorch.org/whl/cu126" }
wheels = [
    { url = "https://download.pytorch.org/whl/cu126/nvidia_cuda_nvrtc_cu12-12.6.77-py3-none-manylinux2014_x86_64.whl", hash = "sha256:35b0cc6ee3a9636d5409133e79273ce1f3fd087abb0532d2d2e8fff1fe9efc53" },
]

[[package]]
name = "nvidia-cuda-runtime-cu12"
version = "12.6.77"
source = { registry = "https://download.pytorch.org/whl/cu126" }
wheels = [
    { url = "https://download.pytorch.org/whl/cu126/nvidia_cuda_runtime_cu12-12.6.77-py3-none-manylinux2014_x86_64.whl", hash = "sha256:a84d15d5e1da416dd4774cb42edf5e954a3e60cc945698dc1d5be02321c44dc8" },
]

[[package]]
name = "nvidia-cudnn-cu12"
version = "9.10.2.21"
source = { registry = "https://download.pytorch.org/whl/cu126" }
dependencies = [
    { name = "nvidia-cublas-cu12", marker = "sys_platform != 'win32'" },
]
wheels = [
    { url = "https://download.pytorch.org/whl/nvidia_cudnn_cu12-9.10.2.21-py3-none-manylinux_2_27_x86_64.whl" },
]

[[package]]
name = "nvidia-cufft-cu12"
version = "11.3.0.4"
source = { registry = "https://download.pytorch.org/whl/cu126" }
dependencies = [
    { name = "nvidia-nvjitlink-cu12", marker = "sys_platform != 'win32'" },
]
wheels = [
    { url = "https://download.pytorch.org/whl/cu126/nvidia_cufft_cu12-11.3.0.4-py3-none-manylinux2014_x86_64.whl", hash = "sha256:768160ac89f6f7b459bee747e8d175dbf53619cfe74b2a5636264163138013ca" },
]

[[package]]
name = "nvidia-cufile-cu12"
version = "1.11.1.6"
source = { registry = "https://download.pytorch.org/whl/cu126" }
wheels = [
    { url = "https://download.pytorch.org/whl/cu126/nvidia_cufile_cu12-1.11.1.6-py3-none-manylinux2014_x86_64.manylinux_2_17_x86_64.whl" },
]

[[package]]
name = "nvidia-curand-cu12"
version = "10.3.7.77"
source = { registry = "https://download.pytorch.org/whl/cu126" }
wheels = [
    { url = "https://download.pytorch.org/whl/cu126/nvidia_curand_cu12-10.3.7.77-py3-none-manylinux2014_x86_64.whl", hash = "sha256:99f1a32f1ac2bd134897fc7a203f779303261268a65762a623bf30cc9fe79117" },
]

[[package]]
name = "nvidia-cusolver-cu12"
version = "11.7.1.2"
source = { registry = "https://download.pytorch.org/whl/cu126" }
dependencies = [
    { name = "nvidia-cublas-cu12", marker = "sys_platform != 'win32'" },
    { name = "nvidia-cusparse-cu12", marker = "sys_platform != 'win32'" },
    { name = "nvidia-nvjitlink-cu12", marker = "sys_platform != 'win32'" },
]
wheels = [
    { url = "https://download.pytorch.org/whl/cu126/nvidia_cusolver_cu12-11.7.1.2-py3-none-manylinux2014_x86_64.whl", hash = "sha256:6cf28f17f64107a0c4d7802be5ff5537b2130bfc112f25d5a30df227058ca0e6" },
]

[[package]]
name = "nvidia-cusparse-cu12"
version = "12.5.4.2"
source = { registry = "https://download.pytorch.org/whl/cu126" }
dependencies = [
    { name = "nvidia-nvjitlink-cu12", marker = "sys_platform != 'win32'" },
]
wheels = [
    { url = "https://download.pytorch.org/whl/cu126/nvidia_cusparse_cu12-12.5.4.2-py3-none-manylinux2014_x86_64.whl", hash = "sha256:23749a6571191a215cb74d1cdbff4a86e7b19f1200c071b3fcf844a5bea23a2f" },
]

[[package]]
name = "nvidia-cusparselt-cu12"
version = "0.7.1"
source = { registry = "https://download.pytorch.org/whl/cu126" }
wheels = [
    { url = "https://download.pytorch.org/whl/cu126/nvidia_cusparselt_cu12-0.7.1-py3-none-manylinux2014_x86_64.whl" },
    { url = "https://download.pytorch.org/whl/nvidia_cusparselt_cu12-0.7.1-py3-none-manylinux2014_x86_64.whl" },
]

[[package]]
name = "nvidia-nccl-cu12"
version = "2.27.3"
source = { registry = "https://download.pytorch.org/whl/cu126" }
wheels = [
    { url = "https://download.pytorch.org/whl/cu126/nvidia_nccl_cu12-2.27.3-py3-none-manylinux2014_x86_64.manylinux_2_17_x86_64.whl" },
    { url = "https://download.pytorch.org/whl/nvidia_nccl_cu12-2.27.3-py3-none-manylinux2014_x86_64.manylinux_2_17_x86_64.whl" },
]

[[package]]
name = "nvidia-nvjitlink-cu12"
version = "12.6.85"
source = { registry = "https://download.pytorch.org/whl/cu126" }
wheels = [
    { url = "https://download.pytorch.org/whl/cu126/nvidia_nvjitlink_cu12-12.6.85-py3-none-manylinux2010_x86_64.manylinux_2_12_x86_64.whl", hash = "sha256:eedc36df9e88b682efe4309aa16b5b4e78c2407eac59e8c10a6a47535164369a" },
]

[[package]]
name = "nvidia-nvtx-cu12"
version = "12.6.77"
source = { registry = "https://download.pytorch.org/whl/cu126" }
wheels = [
    { url = "https://download.pytorch.org/whl/cu126/nvidia_nvtx_cu12-12.6.77-py3-none-manylinux2014_x86_64.whl", hash = "sha256:6574241a3ec5fdc9334353ab8c479fe75841dbe8f4532a8fc97ce63503330ba1" },
]

[[package]]
name = "pillow"
version = "11.0.0"
source = { registry = "https://download.pytorch.org/whl/cu126" }
wheels = [
    { url = "https://download.pytorch.org/whl/pillow-11.0.0-cp311-cp311-macosx_10_10_x86_64.whl", hash = "sha256:1c1d72714f429a521d8d2d018badc42414c3077eb187a59579f28e4270b4b0fc" },
    { url = "https://download.pytorch.org/whl/pillow-11.0.0-cp311-cp311-macosx_11_0_arm64.whl", hash = "sha256:499c3a1b0d6fc8213519e193796eb1a86a1be4b1877d678b30f83fd979811d1a" },
    { url = "https://download.pytorch.org/whl/pillow-11.0.0-cp311-cp311-manylinux_2_17_aarch64.manylinux2014_aarch64.whl", hash = "sha256:c8b2351c85d855293a299038e1f89db92a2f35e8d2f783489c6f0b2b5f3fe8a3" },
    { url = "https://download.pytorch.org/whl/pillow-11.0.0-cp311-cp311-manylinux_2_17_x86_64.manylinux2014_x86_64.whl", hash = "sha256:6f4dba50cfa56f910241eb7f883c20f1e7b1d8f7d91c750cd0b318bad443f4d5" },
    { url = "https://download.pytorch.org/whl/pillow-11.0.0-cp311-cp311-manylinux_2_28_aarch64.whl", hash = "sha256:5ddbfd761ee00c12ee1be86c9c0683ecf5bb14c9772ddbd782085779a63dd55b" },
    { url = "https://download.pytorch.org/whl/pillow-11.0.0-cp311-cp311-manylinux_2_28_x86_64.whl", hash = "sha256:45c566eb10b8967d71bf1ab8e4a525e5a93519e29ea071459ce517f6b903d7fa" },
    { url = "https://download.pytorch.org/whl/pillow-11.0.0-cp311-cp311-win_amd64.whl", hash = "sha256:52a2d8323a465f84faaba5236567d212c3668f2ab53e1c74c15583cf507a0291" },
    { url = "https://download.pytorch.org/whl/pillow-11.0.0-cp311-cp311-win_arm64.whl", hash = "sha256:16095692a253047fe3ec028e951fa4221a1f3ed3d80c397e83541a3037ff67c9" },
    { url = "https://download.pytorch.org/whl/pillow-11.0.0-cp312-cp312-macosx_10_13_x86_64.whl", hash = "sha256:d2c0a187a92a1cb5ef2c8ed5412dd8d4334272617f532d4ad4de31e0495bd923" },
    { url = "https://download.pytorch.org/whl/pillow-11.0.0-cp312-cp312-macosx_11_0_arm64.whl", hash = "sha256:084a07ef0821cfe4858fe86652fffac8e187b6ae677e9906e192aafcc1b69903" },
    { url = "https://download.pytorch.org/whl/pillow-11.0.0-cp312-cp312-manylinux_2_17_aarch64.manylinux2014_aarch64.whl", hash = "sha256:8069c5179902dcdce0be9bfc8235347fdbac249d23bd90514b7a47a72d9fecf4" },
    { url = "https://download.pytorch.org/whl/pillow-11.0.0-cp312-cp312-manylinux_2_17_x86_64.manylinux2014_x86_64.whl", hash = "sha256:f02541ef64077f22bf4924f225c0fd1248c168f86e4b7abdedd87d6ebaceab0f" },
    { url = "https://download.pytorch.org/whl/pillow-11.0.0-cp312-cp312-manylinux_2_28_aarch64.whl", hash = "sha256:fcb4621042ac4b7865c179bb972ed0da0218a076dc1820ffc48b1d74c1e37fe9" },
    { url = "https://download.pytorch.org/whl/pillow-11.0.0-cp312-cp312-manylinux_2_28_x86_64.whl", hash = "sha256:00177a63030d612148e659b55ba99527803288cea7c75fb05766ab7981a8c1b7" },
    { url = "https://download.pytorch.org/whl/pillow-11.0.0-cp312-cp312-win_amd64.whl", hash = "sha256:8ec4a89295cd6cd4d1058a5e6aec6bf51e0eaaf9714774e1bfac7cfc9051db47" },
    { url = "https://download.pytorch.org/whl/pillow-11.0.0-cp312-cp312-win_arm64.whl", hash = "sha256:27a7860107500d813fcd203b4ea19b04babe79448268403172782754870dac25" },
    { url = "https://download.pytorch.org/whl/pillow-11.0.0-cp313-cp313-macosx_10_13_x86_64.whl", hash = "sha256:bcd1fb5bb7b07f64c15618c89efcc2cfa3e95f0e3bcdbaf4642509de1942a699" },
    { url = "https://download.pytorch.org/whl/pillow-11.0.0-cp313-cp313-macosx_11_0_arm64.whl", hash = "sha256:0e038b0745997c7dcaae350d35859c9715c71e92ffb7e0f4a8e8a16732150f38" },
    { url = "https://download.pytorch.org/whl/pillow-11.0.0-cp313-cp313-manylinux_2_17_aarch64.manylinux2014_aarch64.whl", hash = "sha256:0ae08bd8ffc41aebf578c2af2f9d8749d91f448b3bfd41d7d9ff573d74f2a6b2" },
    { url = "https://download.pytorch.org/whl/pillow-11.0.0-cp313-cp313-manylinux_2_17_x86_64.manylinux2014_x86_64.whl", hash = "sha256:d69bfd8ec3219ae71bcde1f942b728903cad25fafe3100ba2258b973bd2bc1b2" },
    { url = "https://download.pytorch.org/whl/pillow-11.0.0-cp313-cp313-manylinux_2_28_aarch64.whl", hash = "sha256:61b887f9ddba63ddf62fd02a3ba7add935d053b6dd7d58998c630e6dbade8527" },
    { url = "https://download.pytorch.org/whl/pillow-11.0.0-cp313-cp313-manylinux_2_28_x86_64.whl", hash = "sha256:c6a660307ca9d4867caa8d9ca2c2658ab685de83792d1876274991adec7b93fa" },
    { url = "https://download.pytorch.org/whl/pillow-11.0.0-cp313-cp313-win_amd64.whl", hash = "sha256:8ba470552b48e5835f1d23ecb936bb7f71d206f9dfeee64245f30c3270b994de" },
    { url = "https://download.pytorch.org/whl/pillow-11.0.0-cp313-cp313-win_arm64.whl", hash = "sha256:846e193e103b41e984ac921b335df59195356ce3f71dcfd155aa79c603873b84" },
    { url = "https://download.pytorch.org/whl/pillow-11.0.0-cp313-cp313t-macosx_10_13_x86_64.whl", hash = "sha256:4ad70c4214f67d7466bea6a08061eba35c01b1b89eaa098040a35272a8efb22b" },
    { url = "https://download.pytorch.org/whl/pillow-11.0.0-cp313-cp313t-macosx_11_0_arm64.whl", hash = "sha256:6ec0d5af64f2e3d64a165f490d96368bb5dea8b8f9ad04487f9ab60dc4bb6003" },
    { url = "https://download.pytorch.org/whl/pillow-11.0.0-cp313-cp313t-manylinux_2_17_x86_64.manylinux2014_x86_64.whl", hash = "sha256:c809a70e43c7977c4a42aefd62f0131823ebf7dd73556fa5d5950f5b354087e2" },
    { url = "https://download.pytorch.org/whl/pillow-11.0.0-cp313-cp313t-manylinux_2_28_x86_64.whl", hash = "sha256:4b60c9520f7207aaf2e1d94de026682fc227806c6e1f55bba7606d1c94dd623a" },
    { url = "https://download.pytorch.org/whl/pillow-11.0.0-cp313-cp313t-win_amd64.whl", hash = "sha256:5c39ed17edea3bc69c743a8dd3e9853b7509625c2462532e62baa0732163a904" },
    { url = "https://download.pytorch.org/whl/pillow-11.0.0-cp313-cp313t-win_arm64.whl", hash = "sha256:75acbbeb05b86bc53cbe7b7e6fe00fbcf82ad7c684b3ad82e3d711da9ba287d3" },
]

[[package]]
name = "rl-demonattack"
version = "0.1.0"
source = { virtual = "." }
dependencies = [
    { name = "ale-py" },
    { name = "gymnasium" },
    { name = "torch" },
    { name = "torchvision" },
]

[package.metadata]
requires-dist = [
    { name = "ale-py", specifier = ">=0.11.2" },
    { name = "gymnasium", specifier = ">=1.2.0" },
    { name = "torch", specifier = ">=2.8.0", index = "https://download.pytorch.org/whl/cu126" },
    { name = "torchvision", specifier = ">=0.23.0", index = "https://download.pytorch.org/whl/cu126" },
]

[[package]]
name = "setuptools"
version = "70.2.0"
source = { registry = "https://download.pytorch.org/whl/cu126" }
wheels = [
    { url = "https://download.pytorch.org/whl/setuptools-70.2.0-py3-none-any.whl", hash = "sha256:b8b8060bb426838fbe942479c90296ce976249451118ef566a5a0b7d8b78fb05" },
]

[[package]]
name = "sympy"
version = "1.13.3"
source = { registry = "https://download.pytorch.org/whl/cu126" }
dependencies = [
    { name = "mpmath" },
]
wheels = [
    { url = "https://download.pytorch.org/whl/sympy-1.13.3-py3-none-any.whl" },
]

[[package]]
name = "torch"
version = "2.8.0+cu126"
source = { registry = "https://download.pytorch.org/whl/cu126" }
dependencies = [
    { name = "filelock" },
    { name = "fsspec" },
    { name = "jinja2" },
    { name = "networkx" },
    { name = "nvidia-cublas-cu12", marker = "platform_machine == 'x86_64' and sys_platform == 'linux'" },
    { name = "nvidia-cuda-cupti-cu12", marker = "platform_machine == 'x86_64' and sys_platform == 'linux'" },
    { name = "nvidia-cuda-nvrtc-cu12", marker = "platform_machine == 'x86_64' and sys_platform == 'linux'" },
    { name = "nvidia-cuda-runtime-cu12", marker = "platform_machine == 'x86_64' and sys_platform == 'linux'" },
    { name = "nvidia-cudnn-cu12", marker = "platform_machine == 'x86_64' and sys_platform == 'linux'" },
    { name = "nvidia-cufft-cu12", marker = "platform_machine == 'x86_64' and sys_platform == 'linux'" },
    { name = "nvidia-cufile-cu12", marker = "platform_machine == 'x86_64' and sys_platform == 'linux'" },
    { name = "nvidia-curand-cu12", marker = "platform_machine == 'x86_64' and sys_platform == 'linux'" },
    { name = "nvidia-cusolver-cu12", marker = "platform_machine == 'x86_64' and sys_platform == 'linux'" },
    { name = "nvidia-cusparse-cu12", marker = "platform_machine == 'x86_64' and sys_platform == 'linux'" },
    { name = "nvidia-cusparselt-cu12", marker = "platform_machine == 'x86_64' and sys_platform == 'linux'" },
    { name = "nvidia-nccl-cu12", marker = "platform_machine == 'x86_64' and sys_platform == 'linux'" },
    { name = "nvidia-nvjitlink-cu12", marker = "platform_machine == 'x86_64' and sys_platform == 'linux'" },
    { name = "nvidia-nvtx-cu12", marker = "platform_machine == 'x86_64' and sys_platform == 'linux'" },
    { name = "setuptools", marker = "python_full_version >= '3.12'" },
    { name = "sympy" },
    { name = "triton", marker = "platform_machine == 'x86_64' and sys_platform == 'linux'" },
    { name = "typing-extensions" },
]
wheels = [
    { url = "https://download.pytorch.org/whl/cu126/torch-2.8.0%2Bcu126-cp311-cp311-manylinux_2_28_x86_64.whl", hash = "sha256:542cdbf042aaf5d6ddbed43cb8cd8c4df1e586bebb1338f5dcba14fa52830d3c" },
    { url = "https://download.pytorch.org/whl/cu126/torch-2.8.0%2Bcu126-cp311-cp311-win_amd64.whl", hash = "sha256:cfb2c640a8955fbd8686c056802f53a512b610c098960d6dad5800cbc16c02b6" },
    { url = "https://download.pytorch.org/whl/cu126/torch-2.8.0%2Bcu126-cp312-cp312-manylinux_2_28_x86_64.whl", hash = "sha256:ce6e6a1f4803ad62d1fe51cec3fe5ca14bcd8bc7cace7b09d5590f8147fa16ad" },
    { url = "https://download.pytorch.org/whl/cu126/torch-2.8.0%2Bcu126-cp312-cp312-win_amd64.whl", hash = "sha256:f6c79eac0018f9d131479ee1b7a68edb030619a316bfbc69275043aa4f338e4c" },
    { url = "https://download.pytorch.org/whl/cu126/torch-2.8.0%2Bcu126-cp313-cp313-manylinux_2_28_x86_64.whl", hash = "sha256:d08144011e410b9d15914e7256e1b1708a90484cb2c03712199e0291856d4177" },
    { url = "https://download.pytorch.org/whl/cu126/torch-2.8.0%2Bcu126-cp313-cp313-win_amd64.whl", hash = "sha256:3aa7da5cc6b7df0e8c0754dea339bd31cd21b5620e84f53b2ac4be47e8bb2179" },
    { url = "https://download.pytorch.org/whl/cu126/torch-2.8.0%2Bcu126-cp313-cp313t-manylinux_2_28_x86_64.whl", hash = "sha256:637bdbd510920abce9370c4ff8b44bce6ace48dc1672e1ed42ff14e1e67497b9" },
    { url = "https://download.pytorch.org/whl/cu126/torch-2.8.0%2Bcu126-cp313-cp313t-win_amd64.whl", hash = "sha256:6b6a2baf405f6c7069f38658bd6f70dced6a06ee044102d05e0bd7310611fce3" },
]

[[package]]
name = "torchvision"
version = "0.23.0+cu126"
source = { registry = "https://download.pytorch.org/whl/cu126" }
dependencies = [
    { name = "numpy" },
    { name = "pillow" },
    { name = "torch" },
]
wheels = [
    { url = "https://download.pytorch.org/whl/cu126/torchvision-0.23.0%2Bcu126-cp311-cp311-manylinux_2_28_x86_64.whl", hash = "sha256:b697f5ca72399822d6454929cfb8835298527881e0ba58982f80ff0401331a92" },
    { url = "https://download.pytorch.org/whl/cu126/torchvision-0.23.0%2Bcu126-cp311-cp311-win_amd64.whl", hash = "sha256:921ec706184a4b79190483724d439fb2f769b4cde83e3031a7b7ac097676a63b" },
    { url = "https://download.pytorch.org/whl/cu126/torchvision-0.23.0%2Bcu126-cp312-cp312-manylinux_2_28_x86_64.whl", hash = "sha256:7351ffe7a49fe8ef391c5eef3fc4f6c1e6f15d0e25e83b41e9a07a23c201c57f" },
    { url = "https://download.pytorch.org/whl/cu126/torchvision-0.23.0%2Bcu126-cp312-cp312-win_amd64.whl", hash = "sha256:e59fc7405f2e0cfceefc2f867794900478871c2639d02779d55dc143657a7bbb" },
    { url = "https://download.pytorch.org/whl/cu126/torchvision-0.23.0%2Bcu126-cp313-cp313-manylinux_2_28_x86_64.whl", hash = "sha256:d68eb73a4ea755b912a6f93bcf2617db6c544b98ba9c26ca45ef65aab09f2238" },
    { url = "https://download.pytorch.org/whl/cu126/torchvision-0.23.0%2Bcu126-cp313-cp313-win_amd64.whl", hash = "sha256:6e60c5f097cbd6d24cce4fe1daf5529a2f8878c0dcd6463ace42285469b20210" },
    { url = "https://download.pytorch.org/whl/cu126/torchvision-0.23.0%2Bcu126-cp313-cp313t-manylinux_2_28_x86_64.whl", hash = "sha256:825d2829438884fc9c087f9ee210d8eb80c336c6076e4556480a4991c1ecd0c2" },
    { url = "https://download.pytorch.org/whl/cu126/torchvision-0.23.0%2Bcu126-cp313-cp313t-win_amd64.whl", hash = "sha256:ab23d1f00b2ca894ed6db0f5782106f9bc352c91fc8ca3abcc07f570fefa6d36" },
]

[[package]]
name = "triton"
version = "3.4.0"
source = { registry = "https://download.pytorch.org/whl/cu126" }
dependencies = [
    { name = "setuptools", marker = "sys_platform != 'win32'" },
]
wheels = [
    { url = "https://download.pytorch.org/whl/triton-3.4.0-cp311-cp311-manylinux_2_27_x86_64.manylinux_2_28_x86_64.whl" },
    { url = "https://download.pytorch.org/whl/triton-3.4.0-cp312-cp312-manylinux_2_27_x86_64.manylinux_2_28_x86_64.whl" },
    { url = "https://download.pytorch.org/whl/triton-3.4.0-cp313-cp313-manylinux_2_27_x86_64.manylinux_2_28_x86_64.whl" },
    { url = "https://download.pytorch.org/whl/triton-3.4.0-cp313-cp313t-manylinux_2_27_x86_64.manylinux_2_28_x86_64.whl" },
]

[[package]]
name = "typing-extensions"
version = "4.12.2"
source = { registry = "https://download.pytorch.org/whl/cu126" }
wheels = [
    { url = "https://download.pytorch.org/whl/typing_extensions-4.12.2-py3-none-any.whl", hash = "sha256:04e5ca0351e0f3f85c6853954072df659d0d13fac324d0072316b67d7794700d" },
]
